// !$*UTF8*$!
{
	archiveVersion = 1;
	classes = {
	};
	objectVersion = 50;
	objects = {

/* Begin PBXBuildFile section */
		B68AB86C25C2541D005C85DB /* AppDelegate.swift in Sources */ = {isa = PBXBuildFile; fileRef = B68AB86B25C2541D005C85DB /* AppDelegate.swift */; };
		B68AB86E25C2541D005C85DB /* SceneDelegate.swift in Sources */ = {isa = PBXBuildFile; fileRef = B68AB86D25C2541D005C85DB /* SceneDelegate.swift */; };
		B68AB87025C2541D005C85DB /* ViewController.swift in Sources */ = {isa = PBXBuildFile; fileRef = B68AB86F25C2541D005C85DB /* ViewController.swift */; };
		B68AB87325C2541D005C85DB /* Main.storyboard in Resources */ = {isa = PBXBuildFile; fileRef = B68AB87125C2541D005C85DB /* Main.storyboard */; };
		B68AB87625C2541D005C85DB /* Notebooks.xcdatamodeld in Sources */ = {isa = PBXBuildFile; fileRef = B68AB87425C2541D005C85DB /* Notebooks.xcdatamodeld */; };
		B68AB87825C2541E005C85DB /* Assets.xcassets in Resources */ = {isa = PBXBuildFile; fileRef = B68AB87725C2541E005C85DB /* Assets.xcassets */; };
		B68AB87B25C2541E005C85DB /* LaunchScreen.storyboard in Resources */ = {isa = PBXBuildFile; fileRef = B68AB87925C2541E005C85DB /* LaunchScreen.storyboard */; };
/* End PBXBuildFile section */

/* Begin PBXFileReference section */
		B68AB86825C2541D005C85DB /* Notebooks.app */ = {isa = PBXFileReference; explicitFileType = wrapper.application; includeInIndex = 0; path = Notebooks.app; sourceTree = BUILT_PRODUCTS_DIR; };
		B68AB86B25C2541D005C85DB /* AppDelegate.swift */ = {isa = PBXFileReference; lastKnownFileType = sourcecode.swift; path = AppDelegate.swift; sourceTree = "<group>"; };
		B68AB86D25C2541D005C85DB /* SceneDelegate.swift */ = {isa = PBXFileReference; lastKnownFileType = sourcecode.swift; path = SceneDelegate.swift; sourceTree = "<group>"; };
		B68AB86F25C2541D005C85DB /* ViewController.swift */ = {isa = PBXFileReference; lastKnownFileType = sourcecode.swift; path = ViewController.swift; sourceTree = "<group>"; };
		B68AB87225C2541D005C85DB /* Base */ = {isa = PBXFileReference; lastKnownFileType = file.storyboard; name = Base; path = Base.lproj/Main.storyboard; sourceTree = "<group>"; };
		B68AB87525C2541D005C85DB /* Notebooks.xcdatamodel */ = {isa = PBXFileReference; lastKnownFileType = wrapper.xcdatamodel; path = Notebooks.xcdatamodel; sourceTree = "<group>"; };
		B68AB87725C2541E005C85DB /* Assets.xcassets */ = {isa = PBXFileReference; lastKnownFileType = folder.assetcatalog; path = Assets.xcassets; sourceTree = "<group>"; };
		B68AB87A25C2541E005C85DB /* Base */ = {isa = PBXFileReference; lastKnownFileType = file.storyboard; name = Base; path = Base.lproj/LaunchScreen.storyboard; sourceTree = "<group>"; };
		B68AB87C25C2541E005C85DB /* Info.plist */ = {isa = PBXFileReference; lastKnownFileType = text.plist.xml; path = Info.plist; sourceTree = "<group>"; };
/* End PBXFileReference section */

/* Begin PBXFrameworksBuildPhase section */
		B68AB86525C2541D005C85DB /* Frameworks */ = {
			isa = PBXFrameworksBuildPhase;
			buildActionMask = 2147483647;
			files = (
			);
			runOnlyForDeploymentPostprocessing = 0;
		};
/* End PBXFrameworksBuildPhase section */

/* Begin PBXGroup section */
		B68AB85F25C2541D005C85DB = {
			isa = PBXGroup;
			children = (
				B68AB86A25C2541D005C85DB /* Notebooks */,
				B68AB86925C2541D005C85DB /* Products */,
			);
			sourceTree = "<group>";
		};
		B68AB86925C2541D005C85DB /* Products */ = {
			isa = PBXGroup;
			children = (
				B68AB86825C2541D005C85DB /* Notebooks.app */,
			);
			name = Products;
			sourceTree = "<group>";
		};
		B68AB86A25C2541D005C85DB /* Notebooks */ = {
			isa = PBXGroup;
			children = (
				B68AB86B25C2541D005C85DB /* AppDelegate.swift */,
				B68AB86D25C2541D005C85DB /* SceneDelegate.swift */,
				B68AB86F25C2541D005C85DB /* ViewController.swift */,
				B68AB87125C2541D005C85DB /* Main.storyboard */,
				B68AB87725C2541E005C85DB /* Assets.xcassets */,
				B68AB87925C2541E005C85DB /* LaunchScreen.storyboard */,
				B68AB87C25C2541E005C85DB /* Info.plist */,
				B68AB87425C2541D005C85DB /* Notebooks.xcdatamodeld */,
			);
			path = Notebooks;
			sourceTree = "<group>";
		};
/* End PBXGroup section */

/* Begin PBXNativeTarget section */
		B68AB86725C2541D005C85DB /* Notebooks */ = {
			isa = PBXNativeTarget;
			buildConfigurationList = B68AB87F25C2541E005C85DB /* Build configuration list for PBXNativeTarget "Notebooks" */;
			buildPhases = (
				B68AB86425C2541D005C85DB /* Sources */,
				B68AB86525C2541D005C85DB /* Frameworks */,
				B68AB86625C2541D005C85DB /* Resources */,
			);
			buildRules = (
			);
			dependencies = (
			);
			name = Notebooks;
			productName = Notebooks;
			productReference = B68AB86825C2541D005C85DB /* Notebooks.app */;
			productType = "com.apple.product-type.application";
		};
/* End PBXNativeTarget section */

/* Begin PBXProject section */
		B68AB86025C2541D005C85DB /* Project object */ = {
			isa = PBXProject;
			attributes = {
				LastSwiftUpdateCheck = 1230;
				LastUpgradeCheck = 1230;
				TargetAttributes = {
					B68AB86725C2541D005C85DB = {
						CreatedOnToolsVersion = 12.3;
					};
				};
			};
			buildConfigurationList = B68AB86325C2541D005C85DB /* Build configuration list for PBXProject "Notebooks" */;
			compatibilityVersion = "Xcode 9.3";
			developmentRegion = en;
			hasScannedForEncodings = 0;
			knownRegions = (
				en,
				Base,
			);
			mainGroup = B68AB85F25C2541D005C85DB;
			productRefGroup = B68AB86925C2541D005C85DB /* Products */;
			projectDirPath = "";
			projectRoot = "";
			targets = (
				B68AB86725C2541D005C85DB /* Notebooks */,
			);
		};
/* End PBXProject section */

/* Begin PBXResourcesBuildPhase section */
		B68AB86625C2541D005C85DB /* Resources */ = {
			isa = PBXResourcesBuildPhase;
			buildActionMask = 2147483647;
			files = (
				B68AB87B25C2541E005C85DB /* LaunchScreen.storyboard in Resources */,
				B68AB87825C2541E005C85DB /* Assets.xcassets in Resources */,
				B68AB87325C2541D005C85DB /* Main.storyboard in Resources */,
			);
			runOnlyForDeploymentPostprocessing = 0;
		};
/* End PBXResourcesBuildPhase section */

/* Begin PBXSourcesBuildPhase section */
		B68AB86425C2541D005C85DB /* Sources */ = {
			isa = PBXSourcesBuildPhase;
			buildActionMask = 2147483647;
			files = (
				B68AB87025C2541D005C85DB /* ViewController.swift in Sources */,
				B68AB86C25C2541D005C85DB /* AppDelegate.swift in Sources */,
				B68AB87625C2541D005C85DB /* Notebooks.xcdatamodeld in Sources */,
				B68AB86E25C2541D005C85DB /* SceneDelegate.swift in Sources */,
			);
			runOnlyForDeploymentPostprocessing = 0;
		};
/* End PBXSourcesBuildPhase section */

/* Begin PBXVariantGroup section */
		B68AB87125C2541D005C85DB /* Main.storyboard */ = {
			isa = PBXVariantGroup;
			children = (
				B68AB87225C2541D005C85DB /* Base */,
			);
			name = Main.storyboard;
			sourceTree = "<group>";
		};
		B68AB87925C2541E005C85DB /* LaunchScreen.storyboard */ = {
			isa = PBXVariantGroup;
			children = (
				B68AB87A25C2541E005C85DB /* Base */,
			);
			name = LaunchScreen.storyboard;
			sourceTree = "<group>";
		};
/* End PBXVariantGroup section */

/* Begin XCBuildConfiguration section */
		B68AB87D25C2541E005C85DB /* Debug */ = {
			isa = XCBuildConfiguration;
			buildSettings = {
				ALWAYS_SEARCH_USER_PATHS = NO;
				CLANG_ANALYZER_NONNULL = YES;
				CLANG_ANALYZER_NUMBER_OBJECT_CONVERSION = YES_AGGRESSIVE;
				CLANG_CXX_LANGUAGE_STANDARD = "gnu++14";
				CLANG_CXX_LIBRARY = "libc++";
				CLANG_ENABLE_MODULES = YES;
				CLANG_ENABLE_OBJC_ARC = YES;
				CLANG_ENABLE_OBJC_WEAK = YES;
				CLANG_WARN_BLOCK_CAPTURE_AUTORELEASING = YES;
				CLANG_WARN_BOOL_CONVERSION = YES;
				CLANG_WARN_COMMA = YES;
				CLANG_WARN_CONSTANT_CONVERSION = YES;
				CLANG_WARN_DEPRECATED_OBJC_IMPLEMENTATIONS = YES;
				CLANG_WARN_DIRECT_OBJC_ISA_USAGE = YES_ERROR;
				CLANG_WARN_DOCUMENTATION_COMMENTS = YES;
				CLANG_WARN_EMPTY_BODY = YES;
				CLANG_WARN_ENUM_CONVERSION = YES;
				CLANG_WARN_INFINITE_RECURSION = YES;
				CLANG_WARN_INT_CONVERSION = YES;
				CLANG_WARN_NON_LITERAL_NULL_CONVERSION = YES;
				CLANG_WARN_OBJC_IMPLICIT_RETAIN_SELF = YES;
				CLANG_WARN_OBJC_LITERAL_CONVERSION = YES;
				CLANG_WARN_OBJC_ROOT_CLASS = YES_ERROR;
				CLANG_WARN_QUOTED_INCLUDE_IN_FRAMEWORK_HEADER = YES;
				CLANG_WARN_RANGE_LOOP_ANALYSIS = YES;
				CLANG_WARN_STRICT_PROTOTYPES = YES;
				CLANG_WARN_SUSPICIOUS_MOVE = YES;
				CLANG_WARN_UNGUARDED_AVAILABILITY = YES_AGGRESSIVE;
				CLANG_WARN_UNREACHABLE_CODE = YES;
				CLANG_WARN__DUPLICATE_METHOD_MATCH = YES;
				COPY_PHASE_STRIP = NO;
				DEBUG_INFORMATION_FORMAT = dwarf;
				ENABLE_STRICT_OBJC_MSGSEND = YES;
				ENABLE_TESTABILITY = YES;
				GCC_C_LANGUAGE_STANDARD = gnu11;
				GCC_DYNAMIC_NO_PIC = NO;
				GCC_NO_COMMON_BLOCKS = YES;
				GCC_OPTIMIZATION_LEVEL = 0;
				GCC_PREPROCESSOR_DEFINITIONS = (
					"DEBUG=1",
					"$(inherited)",
				);
				GCC_WARN_64_TO_32_BIT_CONVERSION = YES;
				GCC_WARN_ABOUT_RETURN_TYPE = YES_ERROR;
				GCC_WARN_UNDECLARED_SELECTOR = YES;
				GCC_WARN_UNINITIALIZED_AUTOS = YES_AGGRESSIVE;
				GCC_WARN_UNUSED_FUNCTION = YES;
				GCC_WARN_UNUSED_VARIABLE = YES;
				IPHONEOS_DEPLOYMENT_TARGET = 14.3;
				MTL_ENABLE_DEBUG_INFO = INCLUDE_SOURCE;
				MTL_FAST_MATH = YES;
				ONLY_ACTIVE_ARCH = YES;
				SDKROOT = iphoneos;
				SWIFT_ACTIVE_COMPILATION_CONDITIONS = DEBUG;
				SWIFT_OPTIMIZATION_LEVEL = "-Onone";
			};
			name = Debug;
		};
		B68AB87E25C2541E005C85DB /* Release */ = {
			isa = XCBuildConfiguration;
			buildSettings = {
				ALWAYS_SEARCH_USER_PATHS = NO;
				CLANG_ANALYZER_NONNULL = YES;
				CLANG_ANALYZER_NUMBER_OBJECT_CONVERSION = YES_AGGRESSIVE;
				CLANG_CXX_LANGUAGE_STANDARD = "gnu++14";
				CLANG_CXX_LIBRARY = "libc++";
				CLANG_ENABLE_MODULES = YES;
				CLANG_ENABLE_OBJC_ARC = YES;
				CLANG_ENABLE_OBJC_WEAK = YES;
				CLANG_WARN_BLOCK_CAPTURE_AUTORELEASING = YES;
				CLANG_WARN_BOOL_CONVERSION = YES;
				CLANG_WARN_COMMA = YES;
				CLANG_WARN_CONSTANT_CONVERSION = YES;
				CLANG_WARN_DEPRECATED_OBJC_IMPLEMENTATIONS = YES;
				CLANG_WARN_DIRECT_OBJC_ISA_USAGE = YES_ERROR;
				CLANG_WARN_DOCUMENTATION_COMMENTS = YES;
				CLANG_WARN_EMPTY_BODY = YES;
				CLANG_WARN_ENUM_CONVERSION = YES;
				CLANG_WARN_INFINITE_RECURSION = YES;
				CLANG_WARN_INT_CONVERSION = YES;
				CLANG_WARN_NON_LITERAL_NULL_CONVERSION = YES;
				CLANG_WARN_OBJC_IMPLICIT_RETAIN_SELF = YES;
				CLANG_WARN_OBJC_LITERAL_CONVERSION = YES;
				CLANG_WARN_OBJC_ROOT_CLASS = YES_ERROR;
				CLANG_WARN_QUOTED_INCLUDE_IN_FRAMEWORK_HEADER = YES;
				CLANG_WARN_RANGE_LOOP_ANALYSIS = YES;
				CLANG_WARN_STRICT_PROTOTYPES = YES;
				CLANG_WARN_SUSPICIOUS_MOVE = YES;
				CLANG_WARN_UNGUARDED_AVAILABILITY = YES_AGGRESSIVE;
				CLANG_WARN_UNREACHABLE_CODE = YES;
				CLANG_WARN__DUPLICATE_METHOD_MATCH = YES;
				COPY_PHASE_STRIP = NO;
				DEBUG_INFORMATION_FORMAT = "dwarf-with-dsym";
				ENABLE_NS_ASSERTIONS = NO;
				ENABLE_STRICT_OBJC_MSGSEND = YES;
				GCC_C_LANGUAGE_STANDARD = gnu11;
				GCC_NO_COMMON_BLOCKS = YES;
				GCC_WARN_64_TO_32_BIT_CONVERSION = YES;
				GCC_WARN_ABOUT_RETURN_TYPE = YES_ERROR;
				GCC_WARN_UNDECLARED_SELECTOR = YES;
				GCC_WARN_UNINITIALIZED_AUTOS = YES_AGGRESSIVE;
				GCC_WARN_UNUSED_FUNCTION = YES;
				GCC_WARN_UNUSED_VARIABLE = YES;
				IPHONEOS_DEPLOYMENT_TARGET = 14.3;
				MTL_ENABLE_DEBUG_INFO = NO;
				MTL_FAST_MATH = YES;
				SDKROOT = iphoneos;
				SWIFT_COMPILATION_MODE = wholemodule;
				SWIFT_OPTIMIZATION_LEVEL = "-O";
				VALIDATE_PRODUCT = YES;
			};
			name = Release;
		};
		B68AB88025C2541E005C85DB /* Debug */ = {
			isa = XCBuildConfiguration;
			buildSettings = {
				ASSETCATALOG_COMPILER_APPICON_NAME = AppIcon;
				ASSETCATALOG_COMPILER_GLOBAL_ACCENT_COLOR_NAME = AccentColor;
				CODE_SIGN_STYLE = Automatic;
				DEVELOPMENT_TEAM = RH5J7Q8XUC;
				INFOPLIST_FILE = Notebooks/Info.plist;
				LD_RUNPATH_SEARCH_PATHS = (
					"$(inherited)",
					"@executable_path/Frameworks",
				);
				PRODUCT_BUNDLE_IDENTIFIER = com.rhcdesarrollo.Notebooks;
				PRODUCT_NAME = "$(TARGET_NAME)";
				SWIFT_VERSION = 5.0;
				TARGETED_DEVICE_FAMILY = "1,2";
			};
			name = Debug;
		};
		B68AB88125C2541E005C85DB /* Release */ = {
			isa = XCBuildConfiguration;
			buildSettings = {
				ASSETCATALOG_COMPILER_APPICON_NAME = AppIcon;
				ASSETCATALOG_COMPILER_GLOBAL_ACCENT_COLOR_NAME = AccentColor;
				CODE_SIGN_STYLE = Automatic;
				DEVELOPMENT_TEAM = RH5J7Q8XUC;
				INFOPLIST_FILE = Notebooks/Info.plist;
				LD_RUNPATH_SEARCH_PATHS = (
					"$(inherited)",
					"@executable_path/Frameworks",
				);
				PRODUCT_BUNDLE_IDENTIFIER = com.rhcdesarrollo.Notebooks;
				PRODUCT_NAME = "$(TARGET_NAME)";
				SWIFT_VERSION = 5.0;
				TARGETED_DEVICE_FAMILY = "1,2";
			};
			name = Release;
		};
/* End XCBuildConfiguration section */

/* Begin XCConfigurationList section */
		B68AB86325C2541D005C85DB /* Build configuration list for PBXProject "Notebooks" */ = {
			isa = XCConfigurationList;
			buildConfigurations = (
				B68AB87D25C2541E005C85DB /* Debug */,
				B68AB87E25C2541E005C85DB /* Release */,
			);
			defaultConfigurationIsVisible = 0;
			defaultConfigurationName = Release;
		};
		B68AB87F25C2541E005C85DB /* Build configuration list for PBXNativeTarget "Notebooks" */ = {
			isa = XCConfigurationList;
			buildConfigurations = (
				B68AB88025C2541E005C85DB /* Debug */,
				B68AB88125C2541E005C85DB /* Release */,
			);
			defaultConfigurationIsVisible = 0;
			defaultConfigurationName = Release;
		};
/* End XCConfigurationList section */

/* Begin XCVersionGroup section */
		B68AB87425C2541D005C85DB /* Notebooks.xcdatamodeld */ = {
			isa = XCVersionGroup;
			children = (
				B68AB87525C2541D005C85DB /* Notebooks.xcdatamodel */,
			);
			currentVersion = B68AB87525C2541D005C85DB /* Notebooks.xcdatamodel */;
			path = Notebooks.xcdatamodeld;
			sourceTree = "<group>";
			versionGroupType = wrapper.xcdatamodel;
		};
/* End XCVersionGroup section */
	};
	rootObject = B68AB86025C2541D005C85DB /* Project object */;
}
